// !$*UTF8*$!
{
	archiveVersion = 1;
	classes = {
	};
	objectVersion = 46;
	objects = {

/* Begin PBXBuildFile section */
		0A220E2E19A7470E00943794 /* NewProfileViewController.swift in Sources */ = {isa = PBXBuildFile; fileRef = 0A220E2D19A7470E00943794 /* NewProfileViewController.swift */; };
		0A757DFD19A92B540053EEAC /* ITunesService.swift in Sources */ = {isa = PBXBuildFile; fileRef = 0A757DFC19A92B540053EEAC /* ITunesService.swift */; };
		0AAC07EF19C08F7700DF4A16 /* Wishlist.swift in Sources */ = {isa = PBXBuildFile; fileRef = 0AAC07EE19C08F7700DF4A16 /* Wishlist.swift */; };
		0AC7A0F419A7C08800FC4CA2 /* UiUtil.swift in Sources */ = {isa = PBXBuildFile; fileRef = 0AC7A0F319A7C08800FC4CA2 /* UiUtil.swift */; };
		C33B349B19C2310000AB0CB8 /* NewProfileView.xib in Resources */ = {isa = PBXBuildFile; fileRef = C33B349A19C2310000AB0CB8 /* NewProfileView.xib */; };
		C33B349D19C2343300AB0CB8 /* NewProfileView.swift in Sources */ = {isa = PBXBuildFile; fileRef = C33B349C19C2343300AB0CB8 /* NewProfileView.swift */; };
		C33B349F19C23D2E00AB0CB8 /* DashboardView.xib in Resources */ = {isa = PBXBuildFile; fileRef = C33B349E19C23D2E00AB0CB8 /* DashboardView.xib */; };
		C33B34A119C23D4000AB0CB8 /* DashboardView.swift in Sources */ = {isa = PBXBuildFile; fileRef = C33B34A019C23D4000AB0CB8 /* DashboardView.swift */; };
		C364C01319B378370056BF4F /* Wishlist.xcdatamodeld in Sources */ = {isa = PBXBuildFile; fileRef = C364C01119B378370056BF4F /* Wishlist.xcdatamodeld */; };
		C364C01619B37A890056BF4F /* Person.swift in Sources */ = {isa = PBXBuildFile; fileRef = C364C01519B37A890056BF4F /* Person.swift */; };
		C364C01819B37EF60056BF4F /* SwiftCoreDataHelper.swift in Sources */ = {isa = PBXBuildFile; fileRef = C364C01719B37EF60056BF4F /* SwiftCoreDataHelper.swift */; };
		C364C01C19B390B70056BF4F /* AgePickerView.xib in Resources */ = {isa = PBXBuildFile; fileRef = C364C01B19B390B70056BF4F /* AgePickerView.xib */; };
		C364C01E19B394510056BF4F /* AgePickerView.swift in Sources */ = {isa = PBXBuildFile; fileRef = C364C01D19B394510056BF4F /* AgePickerView.swift */; };
		C366CC3A19E67DCA00D0F862 /* PresentTableViewCell.swift in Sources */ = {isa = PBXBuildFile; fileRef = C366CC3819E67DCA00D0F862 /* PresentTableViewCell.swift */; };
		C366CC3B19E67DCA00D0F862 /* PresentTableViewCell.xib in Resources */ = {isa = PBXBuildFile; fileRef = C366CC3919E67DCA00D0F862 /* PresentTableViewCell.xib */; };
		C366CC3D19E67F9000D0F862 /* PresentCollectionViewManager.swift in Sources */ = {isa = PBXBuildFile; fileRef = C366CC3C19E67F9000D0F862 /* PresentCollectionViewManager.swift */; };
		C366CC3F19E689E100D0F862 /* PresentTableViewManager.swift in Sources */ = {isa = PBXBuildFile; fileRef = C366CC3E19E689E100D0F862 /* PresentTableViewManager.swift */; };
		C366CC4119E68E3A00D0F862 /* NibLoader.swift in Sources */ = {isa = PBXBuildFile; fileRef = C366CC4019E68E3A00D0F862 /* NibLoader.swift */; };
		C3C1F10519B9A29900D82D3D /* WishlistDashboardView.xib in Resources */ = {isa = PBXBuildFile; fileRef = C3C1F10419B9A29900D82D3D /* WishlistDashboardView.xib */; };
		C3C1F10719B9A55D00D82D3D /* WishlistDashboardView.swift in Sources */ = {isa = PBXBuildFile; fileRef = C3C1F10619B9A55D00D82D3D /* WishlistDashboardView.swift */; };
		C3C1F10919B9A6FA00D82D3D /* WishlistDashboardViewController.swift in Sources */ = {isa = PBXBuildFile; fileRef = C3C1F10819B9A6FA00D82D3D /* WishlistDashboardViewController.swift */; };
		C3C1F10B19B9B45F00D82D3D /* WishlistView.xib in Resources */ = {isa = PBXBuildFile; fileRef = C3C1F10A19B9B45F00D82D3D /* WishlistView.xib */; };
		C3C1F10D19B9B46C00D82D3D /* WishlistView.swift in Sources */ = {isa = PBXBuildFile; fileRef = C3C1F10C19B9B46C00D82D3D /* WishlistView.swift */; };
		C3C1F10F19B9B52F00D82D3D /* WishlistViewController.swift in Sources */ = {isa = PBXBuildFile; fileRef = C3C1F10E19B9B52F00D82D3D /* WishlistViewController.swift */; };
		C3C7FCC41990F67800590B4E /* AppDelegate.swift in Sources */ = {isa = PBXBuildFile; fileRef = C3C7FCC31990F67800590B4E /* AppDelegate.swift */; };
		C3C7FCC61990F67800590B4E /* ViewController.swift in Sources */ = {isa = PBXBuildFile; fileRef = C3C7FCC51990F67800590B4E /* ViewController.swift */; };
		C3C7FCC91990F67800590B4E /* Main.storyboard in Resources */ = {isa = PBXBuildFile; fileRef = C3C7FCC71990F67800590B4E /* Main.storyboard */; };
		C3C7FCCB1990F67800590B4E /* Images.xcassets in Resources */ = {isa = PBXBuildFile; fileRef = C3C7FCCA1990F67800590B4E /* Images.xcassets */; };
		C3C7FCD71990F67800590B4E /* WishlistTests.swift in Sources */ = {isa = PBXBuildFile; fileRef = C3C7FCD61990F67800590B4E /* WishlistTests.swift */; };
/* End PBXBuildFile section */

/* Begin PBXContainerItemProxy section */
		C3C7FCD11990F67800590B4E /* PBXContainerItemProxy */ = {
			isa = PBXContainerItemProxy;
			containerPortal = C3C7FCB61990F67800590B4E /* Project object */;
			proxyType = 1;
			remoteGlobalIDString = C3C7FCBD1990F67800590B4E;
			remoteInfo = Wishlist;
		};
/* End PBXContainerItemProxy section */

/* Begin PBXFileReference section */
		0A220E2D19A7470E00943794 /* NewProfileViewController.swift */ = {isa = PBXFileReference; fileEncoding = 4; lastKnownFileType = sourcecode.swift; name = NewProfileViewController.swift; path = Wishlist/ViewController/NewProfileViewController.swift; sourceTree = "<group>"; };
		0A757DFC19A92B540053EEAC /* ITunesService.swift */ = {isa = PBXFileReference; fileEncoding = 4; lastKnownFileType = sourcecode.swift; name = ITunesService.swift; path = Services/ITunesService.swift; sourceTree = "<group>"; };
		0AAC07EE19C08F7700DF4A16 /* Wishlist.swift */ = {isa = PBXFileReference; fileEncoding = 4; lastKnownFileType = sourcecode.swift; path = Wishlist.swift; sourceTree = "<group>"; };
		0AC7A0F319A7C08800FC4CA2 /* UiUtil.swift */ = {isa = PBXFileReference; fileEncoding = 4; lastKnownFileType = sourcecode.swift; name = UiUtil.swift; path = UtilityClasses/UiUtil.swift; sourceTree = "<group>"; };
		C33B349A19C2310000AB0CB8 /* NewProfileView.xib */ = {isa = PBXFileReference; fileEncoding = 4; lastKnownFileType = file.xib; name = NewProfileView.xib; path = Views/NewProfileView.xib; sourceTree = "<group>"; };
		C33B349C19C2343300AB0CB8 /* NewProfileView.swift */ = {isa = PBXFileReference; fileEncoding = 4; lastKnownFileType = sourcecode.swift; name = NewProfileView.swift; path = Views/NewProfileView.swift; sourceTree = "<group>"; };
		C33B349E19C23D2E00AB0CB8 /* DashboardView.xib */ = {isa = PBXFileReference; fileEncoding = 4; lastKnownFileType = file.xib; name = DashboardView.xib; path = Views/DashboardView.xib; sourceTree = "<group>"; };
		C33B34A019C23D4000AB0CB8 /* DashboardView.swift */ = {isa = PBXFileReference; fileEncoding = 4; lastKnownFileType = sourcecode.swift; name = DashboardView.swift; path = Views/DashboardView.swift; sourceTree = "<group>"; };
		C364C01219B378370056BF4F /* Wishlist.xcdatamodel */ = {isa = PBXFileReference; lastKnownFileType = wrapper.xcdatamodel; path = Wishlist.xcdatamodel; sourceTree = "<group>"; };
		C364C01419B37A890056BF4F /* Wishlist-Bridging-Header.h */ = {isa = PBXFileReference; lastKnownFileType = sourcecode.c.h; path = "Wishlist-Bridging-Header.h"; sourceTree = "<group>"; };
		C364C01519B37A890056BF4F /* Person.swift */ = {isa = PBXFileReference; fileEncoding = 4; lastKnownFileType = sourcecode.swift; path = Person.swift; sourceTree = "<group>"; };
		C364C01719B37EF60056BF4F /* SwiftCoreDataHelper.swift */ = {isa = PBXFileReference; fileEncoding = 4; lastKnownFileType = sourcecode.swift; name = SwiftCoreDataHelper.swift; path = ../SwiftCoreDataHelper.swift; sourceTree = "<group>"; };
		C364C01B19B390B70056BF4F /* AgePickerView.xib */ = {isa = PBXFileReference; fileEncoding = 4; lastKnownFileType = file.xib; name = AgePickerView.xib; path = Views/AgePickerView.xib; sourceTree = "<group>"; };
		C364C01D19B394510056BF4F /* AgePickerView.swift */ = {isa = PBXFileReference; fileEncoding = 4; lastKnownFileType = sourcecode.swift; name = AgePickerView.swift; path = Views/AgePickerView.swift; sourceTree = "<group>"; };
		C366CC3819E67DCA00D0F862 /* PresentTableViewCell.swift */ = {isa = PBXFileReference; fileEncoding = 4; lastKnownFileType = sourcecode.swift; name = PresentTableViewCell.swift; path = Views/PresentTableViewCell.swift; sourceTree = "<group>"; };
		C366CC3919E67DCA00D0F862 /* PresentTableViewCell.xib */ = {isa = PBXFileReference; fileEncoding = 4; lastKnownFileType = file.xib; name = PresentTableViewCell.xib; path = Views/PresentTableViewCell.xib; sourceTree = "<group>"; };
		C366CC3C19E67F9000D0F862 /* PresentCollectionViewManager.swift */ = {isa = PBXFileReference; fileEncoding = 4; lastKnownFileType = sourcecode.swift; name = PresentCollectionViewManager.swift; path = Wishlist/ViewController/PresentCollectionViewManager.swift; sourceTree = "<group>"; };
		C366CC3E19E689E100D0F862 /* PresentTableViewManager.swift */ = {isa = PBXFileReference; fileEncoding = 4; lastKnownFileType = sourcecode.swift; name = PresentTableViewManager.swift; path = Wishlist/ViewController/PresentTableViewManager.swift; sourceTree = "<group>"; };
		C366CC4019E68E3A00D0F862 /* NibLoader.swift */ = {isa = PBXFileReference; fileEncoding = 4; lastKnownFileType = sourcecode.swift; name = NibLoader.swift; path = Helper/NibLoader.swift; sourceTree = "<group>"; };
		C3C1F10419B9A29900D82D3D /* WishlistDashboardView.xib */ = {isa = PBXFileReference; fileEncoding = 4; lastKnownFileType = file.xib; name = WishlistDashboardView.xib; path = Views/WishlistDashboardView.xib; sourceTree = "<group>"; };
		C3C1F10619B9A55D00D82D3D /* WishlistDashboardView.swift */ = {isa = PBXFileReference; fileEncoding = 4; lastKnownFileType = sourcecode.swift; name = WishlistDashboardView.swift; path = Views/WishlistDashboardView.swift; sourceTree = "<group>"; };
		C3C1F10819B9A6FA00D82D3D /* WishlistDashboardViewController.swift */ = {isa = PBXFileReference; fileEncoding = 4; lastKnownFileType = sourcecode.swift; name = WishlistDashboardViewController.swift; path = Wishlist/ViewController/WishlistDashboardViewController.swift; sourceTree = "<group>"; };
		C3C1F10A19B9B45F00D82D3D /* WishlistView.xib */ = {isa = PBXFileReference; fileEncoding = 4; lastKnownFileType = file.xib; name = WishlistView.xib; path = Views/WishlistView.xib; sourceTree = "<group>"; };
		C3C1F10C19B9B46C00D82D3D /* WishlistView.swift */ = {isa = PBXFileReference; fileEncoding = 4; lastKnownFileType = sourcecode.swift; name = WishlistView.swift; path = Views/WishlistView.swift; sourceTree = "<group>"; };
		C3C1F10E19B9B52F00D82D3D /* WishlistViewController.swift */ = {isa = PBXFileReference; fileEncoding = 4; lastKnownFileType = sourcecode.swift; name = WishlistViewController.swift; path = Wishlist/ViewController/WishlistViewController.swift; sourceTree = "<group>"; };
		C3C7FCBE1990F67800590B4E /* Wishlist.app */ = {isa = PBXFileReference; explicitFileType = wrapper.application; includeInIndex = 0; path = Wishlist.app; sourceTree = BUILT_PRODUCTS_DIR; };
		C3C7FCC21990F67800590B4E /* Info.plist */ = {isa = PBXFileReference; lastKnownFileType = text.plist.xml; path = Info.plist; sourceTree = "<group>"; };
		C3C7FCC31990F67800590B4E /* AppDelegate.swift */ = {isa = PBXFileReference; lastKnownFileType = sourcecode.swift; path = AppDelegate.swift; sourceTree = "<group>"; };
		C3C7FCC51990F67800590B4E /* ViewController.swift */ = {isa = PBXFileReference; lastKnownFileType = sourcecode.swift; path = ViewController.swift; sourceTree = "<group>"; };
		C3C7FCC81990F67800590B4E /* Base */ = {isa = PBXFileReference; lastKnownFileType = file.storyboard; name = Base; path = Base.lproj/Main.storyboard; sourceTree = "<group>"; };
		C3C7FCCA1990F67800590B4E /* Images.xcassets */ = {isa = PBXFileReference; lastKnownFileType = folder.assetcatalog; path = Images.xcassets; sourceTree = "<group>"; };
		C3C7FCD01990F67800590B4E /* WishlistTests.xctest */ = {isa = PBXFileReference; explicitFileType = wrapper.cfbundle; includeInIndex = 0; path = WishlistTests.xctest; sourceTree = BUILT_PRODUCTS_DIR; };
		C3C7FCD51990F67800590B4E /* Info.plist */ = {isa = PBXFileReference; lastKnownFileType = text.plist.xml; path = Info.plist; sourceTree = "<group>"; };
		C3C7FCD61990F67800590B4E /* WishlistTests.swift */ = {isa = PBXFileReference; lastKnownFileType = sourcecode.swift; path = WishlistTests.swift; sourceTree = "<group>"; };
/* End PBXFileReference section */

/* Begin PBXFrameworksBuildPhase section */
		C3C7FCBB1990F67800590B4E /* Frameworks */ = {
			isa = PBXFrameworksBuildPhase;
			buildActionMask = 2147483647;
			files = (
			);
			runOnlyForDeploymentPostprocessing = 0;
		};
		C3C7FCCD1990F67800590B4E /* Frameworks */ = {
			isa = PBXFrameworksBuildPhase;
			buildActionMask = 2147483647;
			files = (
			);
			runOnlyForDeploymentPostprocessing = 0;
		};
/* End PBXFrameworksBuildPhase section */

/* Begin PBXGroup section */
		0A220E2F19A7473400943794 /* ViewController */ = {
			isa = PBXGroup;
			children = (
				0A220E2D19A7470E00943794 /* NewProfileViewController.swift */,
				C3C1F10819B9A6FA00D82D3D /* WishlistDashboardViewController.swift */,
				C3C1F10E19B9B52F00D82D3D /* WishlistViewController.swift */,
				C366CC3C19E67F9000D0F862 /* PresentCollectionViewManager.swift */,
				C366CC3E19E689E100D0F862 /* PresentTableViewManager.swift */,
			);
			name = ViewController;
			path = ..;
			sourceTree = "<group>";
		};
		0A757DFB19A92B280053EEAC /* Services */ = {
			isa = PBXGroup;
			children = (
				0A757DFC19A92B540053EEAC /* ITunesService.swift */,
			);
			name = Services;
			sourceTree = "<group>";
		};
		0AC7A0F219A7C04300FC4CA2 /* UtilityClasses */ = {
			isa = PBXGroup;
			children = (
				0AC7A0F319A7C08800FC4CA2 /* UiUtil.swift */,
			);
			name = UtilityClasses;
			sourceTree = "<group>";
		};
		C355755719D54B91005E6674 /* Model */ = {
			isa = PBXGroup;
			children = (
				0AAC07EE19C08F7700DF4A16 /* Wishlist.swift */,
				C364C01519B37A890056BF4F /* Person.swift */,
			);
			name = Model;
			sourceTree = "<group>";
		};
		C364C01919B37F080056BF4F /* Helper */ = {
			isa = PBXGroup;
			children = (
				C364C01719B37EF60056BF4F /* SwiftCoreDataHelper.swift */,
				C366CC4019E68E3A00D0F862 /* NibLoader.swift */,
			);
			name = Helper;
			sourceTree = "<group>";
		};
		C364C01A19B3906F0056BF4F /* Views */ = {
			isa = PBXGroup;
			children = (
				C364C01B19B390B70056BF4F /* AgePickerView.xib */,
				C364C01D19B394510056BF4F /* AgePickerView.swift */,
				C3C1F10419B9A29900D82D3D /* WishlistDashboardView.xib */,
				C3C1F10619B9A55D00D82D3D /* WishlistDashboardView.swift */,
				C3C1F10A19B9B45F00D82D3D /* WishlistView.xib */,
				C3C1F10C19B9B46C00D82D3D /* WishlistView.swift */,
				C33B349A19C2310000AB0CB8 /* NewProfileView.xib */,
				C33B349C19C2343300AB0CB8 /* NewProfileView.swift */,
				C33B349E19C23D2E00AB0CB8 /* DashboardView.xib */,
				C3C7FCC51990F67800590B4E /* ViewController.swift */,
				C33B34A019C23D4000AB0CB8 /* DashboardView.swift */,
				C366CC3819E67DCA00D0F862 /* PresentTableViewCell.swift */,
				C366CC3919E67DCA00D0F862 /* PresentTableViewCell.xib */,
			);
			name = Views;
			sourceTree = "<group>";
		};
		C3C7FCB51990F67800590B4E = {
			isa = PBXGroup;
			children = (
				C3C7FCC01990F67800590B4E /* Wishlist */,
				C3C7FCD31990F67800590B4E /* WishlistTests */,
				C3C7FCBF1990F67800590B4E /* Products */,
			);
			sourceTree = "<group>";
		};
		C3C7FCBF1990F67800590B4E /* Products */ = {
			isa = PBXGroup;
			children = (
				C3C7FCBE1990F67800590B4E /* Wishlist.app */,
				C3C7FCD01990F67800590B4E /* WishlistTests.xctest */,
			);
			name = Products;
			sourceTree = "<group>";
		};
		C3C7FCC01990F67800590B4E /* Wishlist */ = {
			isa = PBXGroup;
			children = (
				C355755719D54B91005E6674 /* Model */,
				C364C01919B37F080056BF4F /* Helper */,
				0A757DFB19A92B280053EEAC /* Services */,
				0AC7A0F219A7C04300FC4CA2 /* UtilityClasses */,
				C364C01A19B3906F0056BF4F /* Views */,
				0A220E2F19A7473400943794 /* ViewController */,
				C3C7FCC31990F67800590B4E /* AppDelegate.swift */,
				C3C7FCC71990F67800590B4E /* Main.storyboard */,
				C3C7FCCA1990F67800590B4E /* Images.xcassets */,
				C364C01119B378370056BF4F /* Wishlist.xcdatamodeld */,
				C3C7FCC11990F67800590B4E /* Supporting Files */,
				C364C01419B37A890056BF4F /* Wishlist-Bridging-Header.h */,
			);
			path = Wishlist;
			sourceTree = "<group>";
		};
		C3C7FCC11990F67800590B4E /* Supporting Files */ = {
			isa = PBXGroup;
			children = (
				C3C7FCC21990F67800590B4E /* Info.plist */,
			);
			name = "Supporting Files";
			sourceTree = "<group>";
		};
		C3C7FCD31990F67800590B4E /* WishlistTests */ = {
			isa = PBXGroup;
			children = (
				C3C7FCD61990F67800590B4E /* WishlistTests.swift */,
				C3C7FCD41990F67800590B4E /* Supporting Files */,
			);
			path = WishlistTests;
			sourceTree = "<group>";
		};
		C3C7FCD41990F67800590B4E /* Supporting Files */ = {
			isa = PBXGroup;
			children = (
				C3C7FCD51990F67800590B4E /* Info.plist */,
			);
			name = "Supporting Files";
			sourceTree = "<group>";
		};
/* End PBXGroup section */

/* Begin PBXNativeTarget section */
		C3C7FCBD1990F67800590B4E /* Wishlist */ = {
			isa = PBXNativeTarget;
			buildConfigurationList = C3C7FCDA1990F67800590B4E /* Build configuration list for PBXNativeTarget "Wishlist" */;
			buildPhases = (
				C3C7FCBA1990F67800590B4E /* Sources */,
				C3C7FCBB1990F67800590B4E /* Frameworks */,
				C3C7FCBC1990F67800590B4E /* Resources */,
			);
			buildRules = (
			);
			dependencies = (
			);
			name = Wishlist;
			productName = Wishlist;
			productReference = C3C7FCBE1990F67800590B4E /* Wishlist.app */;
			productType = "com.apple.product-type.application";
		};
		C3C7FCCF1990F67800590B4E /* WishlistTests */ = {
			isa = PBXNativeTarget;
			buildConfigurationList = C3C7FCDD1990F67800590B4E /* Build configuration list for PBXNativeTarget "WishlistTests" */;
			buildPhases = (
				C3C7FCCC1990F67800590B4E /* Sources */,
				C3C7FCCD1990F67800590B4E /* Frameworks */,
				C3C7FCCE1990F67800590B4E /* Resources */,
			);
			buildRules = (
			);
			dependencies = (
				C3C7FCD21990F67800590B4E /* PBXTargetDependency */,
			);
			name = WishlistTests;
			productName = WishlistTests;
			productReference = C3C7FCD01990F67800590B4E /* WishlistTests.xctest */;
			productType = "com.apple.product-type.bundle.unit-test";
		};
/* End PBXNativeTarget section */

/* Begin PBXProject section */
		C3C7FCB61990F67800590B4E /* Project object */ = {
			isa = PBXProject;
			attributes = {
				LastUpgradeCheck = 0600;
				ORGANIZATIONNAME = SwiftFighters;
				TargetAttributes = {
					C3C7FCBD1990F67800590B4E = {
						CreatedOnToolsVersion = 6.0;
						DevelopmentTeam = SDVY9MAT28;
					};
					C3C7FCCF1990F67800590B4E = {
						CreatedOnToolsVersion = 6.0;
						TestTargetID = C3C7FCBD1990F67800590B4E;
					};
				};
			};
			buildConfigurationList = C3C7FCB91990F67800590B4E /* Build configuration list for PBXProject "Wishlist" */;
			compatibilityVersion = "Xcode 3.2";
			developmentRegion = English;
			hasScannedForEncodings = 0;
			knownRegions = (
				en,
				Base,
			);
			mainGroup = C3C7FCB51990F67800590B4E;
			productRefGroup = C3C7FCBF1990F67800590B4E /* Products */;
			projectDirPath = "";
			projectRoot = "";
			targets = (
				C3C7FCBD1990F67800590B4E /* Wishlist */,
				C3C7FCCF1990F67800590B4E /* WishlistTests */,
			);
		};
/* End PBXProject section */

/* Begin PBXResourcesBuildPhase section */
		C3C7FCBC1990F67800590B4E /* Resources */ = {
			isa = PBXResourcesBuildPhase;
			buildActionMask = 2147483647;
			files = (
				C3C1F10B19B9B45F00D82D3D /* WishlistView.xib in Resources */,
				C3C1F10519B9A29900D82D3D /* WishlistDashboardView.xib in Resources */,
				C33B349F19C23D2E00AB0CB8 /* DashboardView.xib in Resources */,
				C364C01C19B390B70056BF4F /* AgePickerView.xib in Resources */,
				C3C7FCC91990F67800590B4E /* Main.storyboard in Resources */,
				C366CC3B19E67DCA00D0F862 /* PresentTableViewCell.xib in Resources */,
				C3C7FCCB1990F67800590B4E /* Images.xcassets in Resources */,
				C33B349B19C2310000AB0CB8 /* NewProfileView.xib in Resources */,
			);
			runOnlyForDeploymentPostprocessing = 0;
		};
		C3C7FCCE1990F67800590B4E /* Resources */ = {
			isa = PBXResourcesBuildPhase;
			buildActionMask = 2147483647;
			files = (
			);
			runOnlyForDeploymentPostprocessing = 0;
		};
/* End PBXResourcesBuildPhase section */

/* Begin PBXSourcesBuildPhase section */
		C3C7FCBA1990F67800590B4E /* Sources */ = {
			isa = PBXSourcesBuildPhase;
			buildActionMask = 2147483647;
			files = (
				C3C1F10D19B9B46C00D82D3D /* WishlistView.swift in Sources */,
				0AAC07EF19C08F7700DF4A16 /* Wishlist.swift in Sources */,
				C364C01319B378370056BF4F /* Wishlist.xcdatamodeld in Sources */,
				C3C1F10F19B9B52F00D82D3D /* WishlistViewController.swift in Sources */,
				C366CC3F19E689E100D0F862 /* PresentTableViewManager.swift in Sources */,
				C33B349D19C2343300AB0CB8 /* NewProfileView.swift in Sources */,
				C3C7FCC61990F67800590B4E /* ViewController.swift in Sources */,
				C3C7FCC41990F67800590B4E /* AppDelegate.swift in Sources */,
				0A220E2E19A7470E00943794 /* NewProfileViewController.swift in Sources */,
				C364C01E19B394510056BF4F /* AgePickerView.swift in Sources */,
				C366CC4119E68E3A00D0F862 /* NibLoader.swift in Sources */,
				C33B34A119C23D4000AB0CB8 /* DashboardView.swift in Sources */,
				C3C1F10919B9A6FA00D82D3D /* WishlistDashboardViewController.swift in Sources */,
				C364C01819B37EF60056BF4F /* SwiftCoreDataHelper.swift in Sources */,
				C364C01619B37A890056BF4F /* Person.swift in Sources */,
				0A757DFD19A92B540053EEAC /* ITunesService.swift in Sources */,
				C366CC3D19E67F9000D0F862 /* PresentCollectionViewManager.swift in Sources */,
				C366CC3A19E67DCA00D0F862 /* PresentTableViewCell.swift in Sources */,
				C3C1F10719B9A55D00D82D3D /* WishlistDashboardView.swift in Sources */,
				0AC7A0F419A7C08800FC4CA2 /* UiUtil.swift in Sources */,
			);
			runOnlyForDeploymentPostprocessing = 0;
		};
		C3C7FCCC1990F67800590B4E /* Sources */ = {
			isa = PBXSourcesBuildPhase;
			buildActionMask = 2147483647;
			files = (
				C3C7FCD71990F67800590B4E /* WishlistTests.swift in Sources */,
			);
			runOnlyForDeploymentPostprocessing = 0;
		};
/* End PBXSourcesBuildPhase section */

/* Begin PBXTargetDependency section */
		C3C7FCD21990F67800590B4E /* PBXTargetDependency */ = {
			isa = PBXTargetDependency;
			target = C3C7FCBD1990F67800590B4E /* Wishlist */;
			targetProxy = C3C7FCD11990F67800590B4E /* PBXContainerItemProxy */;
		};
/* End PBXTargetDependency section */

/* Begin PBXVariantGroup section */
		C3C7FCC71990F67800590B4E /* Main.storyboard */ = {
			isa = PBXVariantGroup;
			children = (
				C3C7FCC81990F67800590B4E /* Base */,
			);
			name = Main.storyboard;
			sourceTree = "<group>";
		};
/* End PBXVariantGroup section */

/* Begin XCBuildConfiguration section */
		C3C7FCD81990F67800590B4E /* Debug */ = {
			isa = XCBuildConfiguration;
			buildSettings = {
				ALWAYS_SEARCH_USER_PATHS = NO;
				CLANG_CXX_LANGUAGE_STANDARD = "gnu++0x";
				CLANG_CXX_LIBRARY = "libc++";
				CLANG_ENABLE_MODULES = YES;
				CLANG_ENABLE_OBJC_ARC = YES;
				CLANG_WARN_BOOL_CONVERSION = YES;
				CLANG_WARN_CONSTANT_CONVERSION = YES;
				CLANG_WARN_DIRECT_OBJC_ISA_USAGE = YES_ERROR;
				CLANG_WARN_EMPTY_BODY = YES;
				CLANG_WARN_ENUM_CONVERSION = YES;
				CLANG_WARN_INT_CONVERSION = YES;
				CLANG_WARN_OBJC_ROOT_CLASS = YES_ERROR;
				CLANG_WARN_UNREACHABLE_CODE = YES;
				CLANG_WARN__DUPLICATE_METHOD_MATCH = YES;
				"CODE_SIGN_IDENTITY[sdk=iphoneos*]" = "iPhone Developer";
				COPY_PHASE_STRIP = NO;
				ENABLE_STRICT_OBJC_MSGSEND = YES;
				GCC_C_LANGUAGE_STANDARD = gnu99;
				GCC_DYNAMIC_NO_PIC = NO;
				GCC_OPTIMIZATION_LEVEL = 0;
				GCC_PREPROCESSOR_DEFINITIONS = (
					"DEBUG=1",
					"$(inherited)",
				);
				GCC_SYMBOLS_PRIVATE_EXTERN = NO;
				GCC_WARN_64_TO_32_BIT_CONVERSION = YES;
				GCC_WARN_ABOUT_RETURN_TYPE = YES_ERROR;
				GCC_WARN_UNDECLARED_SELECTOR = YES;
				GCC_WARN_UNINITIALIZED_AUTOS = YES_AGGRESSIVE;
				GCC_WARN_UNUSED_FUNCTION = YES;
				GCC_WARN_UNUSED_VARIABLE = YES;
				IPHONEOS_DEPLOYMENT_TARGET = 8.0;
				MTL_ENABLE_DEBUG_INFO = YES;
				ONLY_ACTIVE_ARCH = YES;
				SDKROOT = iphoneos;
				SWIFT_OPTIMIZATION_LEVEL = "-Onone";
				TARGETED_DEVICE_FAMILY = "1,2";
			};
			name = Debug;
		};
		C3C7FCD91990F67800590B4E /* Release */ = {
			isa = XCBuildConfiguration;
			buildSettings = {
				ALWAYS_SEARCH_USER_PATHS = NO;
				CLANG_CXX_LANGUAGE_STANDARD = "gnu++0x";
				CLANG_CXX_LIBRARY = "libc++";
				CLANG_ENABLE_MODULES = YES;
				CLANG_ENABLE_OBJC_ARC = YES;
				CLANG_WARN_BOOL_CONVERSION = YES;
				CLANG_WARN_CONSTANT_CONVERSION = YES;
				CLANG_WARN_DIRECT_OBJC_ISA_USAGE = YES_ERROR;
				CLANG_WARN_EMPTY_BODY = YES;
				CLANG_WARN_ENUM_CONVERSION = YES;
				CLANG_WARN_INT_CONVERSION = YES;
				CLANG_WARN_OBJC_ROOT_CLASS = YES_ERROR;
				CLANG_WARN_UNREACHABLE_CODE = YES;
				CLANG_WARN__DUPLICATE_METHOD_MATCH = YES;
				"CODE_SIGN_IDENTITY[sdk=iphoneos*]" = "iPhone Developer";
				COPY_PHASE_STRIP = YES;
				ENABLE_NS_ASSERTIONS = NO;
				ENABLE_STRICT_OBJC_MSGSEND = YES;
				GCC_C_LANGUAGE_STANDARD = gnu99;
				GCC_WARN_64_TO_32_BIT_CONVERSION = YES;
				GCC_WARN_ABOUT_RETURN_TYPE = YES_ERROR;
				GCC_WARN_UNDECLARED_SELECTOR = YES;
				GCC_WARN_UNINITIALIZED_AUTOS = YES_AGGRESSIVE;
				GCC_WARN_UNUSED_FUNCTION = YES;
				GCC_WARN_UNUSED_VARIABLE = YES;
				IPHONEOS_DEPLOYMENT_TARGET = 8.0;
				MTL_ENABLE_DEBUG_INFO = NO;
				SDKROOT = iphoneos;
				TARGETED_DEVICE_FAMILY = "1,2";
				VALIDATE_PRODUCT = YES;
			};
			name = Release;
		};
		C3C7FCDB1990F67800590B4E /* Debug */ = {
			isa = XCBuildConfiguration;
			buildSettings = {
				ASSETCATALOG_COMPILER_APPICON_NAME = AppIcon;
				ASSETCATALOG_COMPILER_LAUNCHIMAGE_NAME = LaunchImage;
				CLANG_ENABLE_MODULES = YES;
				INFOPLIST_FILE = Wishlist/Info.plist;
				LD_RUNPATH_SEARCH_PATHS = "$(inherited) @executable_path/Frameworks";
				PRODUCT_NAME = "$(TARGET_NAME)";
				SWIFT_OBJC_BRIDGING_HEADER = "Wishlist/Wishlist-Bridging-Header.h";
				SWIFT_OPTIMIZATION_LEVEL = "-Onone";
			};
			name = Debug;
		};
		C3C7FCDC1990F67800590B4E /* Release */ = {
			isa = XCBuildConfiguration;
			buildSettings = {
				ASSETCATALOG_COMPILER_APPICON_NAME = AppIcon;
				ASSETCATALOG_COMPILER_LAUNCHIMAGE_NAME = LaunchImage;
				CLANG_ENABLE_MODULES = YES;
				INFOPLIST_FILE = Wishlist/Info.plist;
				LD_RUNPATH_SEARCH_PATHS = "$(inherited) @executable_path/Frameworks";
				PRODUCT_NAME = "$(TARGET_NAME)";
				SWIFT_OBJC_BRIDGING_HEADER = "Wishlist/Wishlist-Bridging-Header.h";
			};
			name = Release;
		};
		C3C7FCDE1990F67800590B4E /* Debug */ = {
			isa = XCBuildConfiguration;
			buildSettings = {
				BUNDLE_LOADER = "$(BUILT_PRODUCTS_DIR)/Wishlist.app/Wishlist";
				FRAMEWORK_SEARCH_PATHS = (
					"$(SDKROOT)/Developer/Library/Frameworks",
					"$(inherited)",
				);
				GCC_PREPROCESSOR_DEFINITIONS = (
					"DEBUG=1",
					"$(inherited)",
				);
				INFOPLIST_FILE = WishlistTests/Info.plist;
				LD_RUNPATH_SEARCH_PATHS = "$(inherited) @executable_path/Frameworks @loader_path/Frameworks";
				PRODUCT_NAME = "$(TARGET_NAME)";
				TEST_HOST = "$(BUNDLE_LOADER)";
			};
			name = Debug;
		};
		C3C7FCDF1990F67800590B4E /* Release */ = {
			isa = XCBuildConfiguration;
			buildSettings = {
				BUNDLE_LOADER = "$(BUILT_PRODUCTS_DIR)/Wishlist.app/Wishlist";
				FRAMEWORK_SEARCH_PATHS = (
					"$(SDKROOT)/Developer/Library/Frameworks",
					"$(inherited)",
				);
				INFOPLIST_FILE = WishlistTests/Info.plist;
				LD_RUNPATH_SEARCH_PATHS = "$(inherited) @executable_path/Frameworks @loader_path/Frameworks";
				PRODUCT_NAME = "$(TARGET_NAME)";
				TEST_HOST = "$(BUNDLE_LOADER)";
			};
			name = Release;
		};
/* End XCBuildConfiguration section */

/* Begin XCConfigurationList section */
		C3C7FCB91990F67800590B4E /* Build configuration list for PBXProject "Wishlist" */ = {
			isa = XCConfigurationList;
			buildConfigurations = (
				C3C7FCD81990F67800590B4E /* Debug */,
				C3C7FCD91990F67800590B4E /* Release */,
			);
			defaultConfigurationIsVisible = 0;
			defaultConfigurationName = Release;
		};
		C3C7FCDA1990F67800590B4E /* Build configuration list for PBXNativeTarget "Wishlist" */ = {
			isa = XCConfigurationList;
			buildConfigurations = (
				C3C7FCDB1990F67800590B4E /* Debug */,
				C3C7FCDC1990F67800590B4E /* Release */,
			);
			defaultConfigurationIsVisible = 0;
			defaultConfigurationName = Release;
		};
		C3C7FCDD1990F67800590B4E /* Build configuration list for PBXNativeTarget "WishlistTests" */ = {
			isa = XCConfigurationList;
			buildConfigurations = (
				C3C7FCDE1990F67800590B4E /* Debug */,
				C3C7FCDF1990F67800590B4E /* Release */,
			);
			defaultConfigurationIsVisible = 0;
			defaultConfigurationName = Release;
		};
/* End XCConfigurationList section */

/* Begin XCVersionGroup section */
		C364C01119B378370056BF4F /* Wishlist.xcdatamodeld */ = {
			isa = XCVersionGroup;
			children = (
				C364C01219B378370056BF4F /* Wishlist.xcdatamodel */,
			);
			currentVersion = C364C01219B378370056BF4F /* Wishlist.xcdatamodel */;
			path = Wishlist.xcdatamodeld;
			sourceTree = "<group>";
			versionGroupType = wrapper.xcdatamodel;
		};
/* End XCVersionGroup section */
	};
	rootObject = C3C7FCB61990F67800590B4E /* Project object */;
}
